
Microsoft Visual Studio Solution File, Format Version 12.00
# Visual Studio 15
VisualStudioVersion = 15.0.26124.0
MinimumVisualStudioVersion = 15.0.26124.0
Project("{2150E333-8FDC-42A3-9474-1A3956D46DE8}") = "src", "src", "{1CAE0334-A17F-4F2F-9086-8C702273AB6A}"
EndProject
Project("{FAE04EC0-301F-11D3-BF4B-00C04F79EFBC}") = "Dappery.Domain", "src\Dappery.Domain\Dappery.Domain.csproj", "{CBD25F67-6202-426D-9C2A-40BBF69F4D0B}"
EndProject
Project("{FAE04EC0-301F-11D3-BF4B-00C04F79EFBC}") = "Dappery.Data", "src\Dappery.Data\Dappery.Data.csproj", "{DB0E9F9A-22B6-49C7-B9A0-1CC3010060C5}"
EndProject
Project("{FAE04EC0-301F-11D3-BF4B-00C04F79EFBC}") = "Dappery.Core", "src\Dappery.Core\Dappery.Core.csproj", "{DAEFFBCA-FAE3-4B26-89E4-81109BFB5964}"
EndProject
Project("{FAE04EC0-301F-11D3-BF4B-00C04F79EFBC}") = "Dappery.Data.Tests", "tests\Dappery.Data.Tests\Dappery.Data.Tests.csproj", "{E57BA333-E247-4203-8AC6-F76A2C619C32}"
EndProject
Project("{2150E333-8FDC-42A3-9474-1A3956D46DE8}") = "tests", "tests", "{CCB0EB15-845B-4A64-8F6A-4001F09EDCD5}"
EndProject
Project("{FAE04EC0-301F-11D3-BF4B-00C04F79EFBC}") = "Dappery.Api", "src\Dappery.Api\Dappery.Api.csproj", "{AAA7E3BA-2DEA-4D79-8809-E5C811A40AD5}"
EndProject
Project("{FAE04EC0-301F-11D3-BF4B-00C04F79EFBC}") = "Dappery.Core.Tests", "tests\Dappery.Core.Tests\Dappery.Core.Tests.csproj", "{6535456C-4DA5-4724-BF64-935598C18EC1}"
EndProject
Project("{FAE04EC0-301F-11D3-BF4B-00C04F79EFBC}") = "Dappery.Architecture.Tests", "tests\Dappery.Architecture.Tests\Dappery.Architecture.Tests.csproj", "{927C447D-1431-424A-B7C6-DAD2A5F5ECF7}"
EndProject
Project("{9A19103F-16F7-4668-BE54-9A1E7A4F7556}") = "_build", "build\_build.csproj", "{37D5900E-247E-4665-A18F-5CA6676C4712}"
EndProject
Project("{2150E333-8FDC-42A3-9474-1A3956D46DE8}") = "build", "build", "{261B3D8C-C64A-4FE4-A183-BD5BAA50B98F}"
EndProject
Global
	GlobalSection(SolutionConfigurationPlatforms) = preSolution
		Debug|Any CPU = Debug|Any CPU
		Debug|x64 = Debug|x64
		Debug|x86 = Debug|x86
		Release|Any CPU = Release|Any CPU
		Release|x64 = Release|x64
		Release|x86 = Release|x86
	EndGlobalSection
	GlobalSection(SolutionProperties) = preSolution
		HideSolutionNode = FALSE
	EndGlobalSection
	GlobalSection(ProjectConfigurationPlatforms) = postSolution
		{37D5900E-247E-4665-A18F-5CA6676C4712}.Debug|Any CPU.ActiveCfg = Debug|Any CPU
		{37D5900E-247E-4665-A18F-5CA6676C4712}.Release|Any CPU.ActiveCfg = Release|Any CPU
		{CBD25F67-6202-426D-9C2A-40BBF69F4D0B}.Debug|Any CPU.ActiveCfg = Debug|Any CPU
		{CBD25F67-6202-426D-9C2A-40BBF69F4D0B}.Debug|Any CPU.Build.0 = Debug|Any CPU
		{CBD25F67-6202-426D-9C2A-40BBF69F4D0B}.Debug|x64.ActiveCfg = Debug|Any CPU
		{CBD25F67-6202-426D-9C2A-40BBF69F4D0B}.Debug|x64.Build.0 = Debug|Any CPU
		{CBD25F67-6202-426D-9C2A-40BBF69F4D0B}.Debug|x86.ActiveCfg = Debug|Any CPU
		{CBD25F67-6202-426D-9C2A-40BBF69F4D0B}.Debug|x86.Build.0 = Debug|Any CPU
		{CBD25F67-6202-426D-9C2A-40BBF69F4D0B}.Release|Any CPU.ActiveCfg = Release|Any CPU
		{CBD25F67-6202-426D-9C2A-40BBF69F4D0B}.Release|Any CPU.Build.0 = Release|Any CPU
		{CBD25F67-6202-426D-9C2A-40BBF69F4D0B}.Release|x64.ActiveCfg = Release|Any CPU
		{CBD25F67-6202-426D-9C2A-40BBF69F4D0B}.Release|x64.Build.0 = Release|Any CPU
		{CBD25F67-6202-426D-9C2A-40BBF69F4D0B}.Release|x86.ActiveCfg = Release|Any CPU
		{CBD25F67-6202-426D-9C2A-40BBF69F4D0B}.Release|x86.Build.0 = Release|Any CPU
		{DB0E9F9A-22B6-49C7-B9A0-1CC3010060C5}.Debug|Any CPU.ActiveCfg = Debug|Any CPU
		{DB0E9F9A-22B6-49C7-B9A0-1CC3010060C5}.Debug|Any CPU.Build.0 = Debug|Any CPU
		{DB0E9F9A-22B6-49C7-B9A0-1CC3010060C5}.Debug|x64.ActiveCfg = Debug|Any CPU
		{DB0E9F9A-22B6-49C7-B9A0-1CC3010060C5}.Debug|x64.Build.0 = Debug|Any CPU
		{DB0E9F9A-22B6-49C7-B9A0-1CC3010060C5}.Debug|x86.ActiveCfg = Debug|Any CPU
		{DB0E9F9A-22B6-49C7-B9A0-1CC3010060C5}.Debug|x86.Build.0 = Debug|Any CPU
		{DB0E9F9A-22B6-49C7-B9A0-1CC3010060C5}.Release|Any CPU.ActiveCfg = Release|Any CPU
		{DB0E9F9A-22B6-49C7-B9A0-1CC3010060C5}.Release|Any CPU.Build.0 = Release|Any CPU
		{DB0E9F9A-22B6-49C7-B9A0-1CC3010060C5}.Release|x64.ActiveCfg = Release|Any CPU
		{DB0E9F9A-22B6-49C7-B9A0-1CC3010060C5}.Release|x64.Build.0 = Release|Any CPU
		{DB0E9F9A-22B6-49C7-B9A0-1CC3010060C5}.Release|x86.ActiveCfg = Release|Any CPU
		{DB0E9F9A-22B6-49C7-B9A0-1CC3010060C5}.Release|x86.Build.0 = Release|Any CPU
		{DAEFFBCA-FAE3-4B26-89E4-81109BFB5964}.Debug|Any CPU.ActiveCfg = Debug|Any CPU
		{DAEFFBCA-FAE3-4B26-89E4-81109BFB5964}.Debug|Any CPU.Build.0 = Debug|Any CPU
		{DAEFFBCA-FAE3-4B26-89E4-81109BFB5964}.Debug|x64.ActiveCfg = Debug|Any CPU
		{DAEFFBCA-FAE3-4B26-89E4-81109BFB5964}.Debug|x64.Build.0 = Debug|Any CPU
		{DAEFFBCA-FAE3-4B26-89E4-81109BFB5964}.Debug|x86.ActiveCfg = Debug|Any CPU
		{DAEFFBCA-FAE3-4B26-89E4-81109BFB5964}.Debug|x86.Build.0 = Debug|Any CPU
		{DAEFFBCA-FAE3-4B26-89E4-81109BFB5964}.Release|Any CPU.ActiveCfg = Release|Any CPU
		{DAEFFBCA-FAE3-4B26-89E4-81109BFB5964}.Release|Any CPU.Build.0 = Release|Any CPU
		{DAEFFBCA-FAE3-4B26-89E4-81109BFB5964}.Release|x64.ActiveCfg = Release|Any CPU
		{DAEFFBCA-FAE3-4B26-89E4-81109BFB5964}.Release|x64.Build.0 = Release|Any CPU
		{DAEFFBCA-FAE3-4B26-89E4-81109BFB5964}.Release|x86.ActiveCfg = Release|Any CPU
		{DAEFFBCA-FAE3-4B26-89E4-81109BFB5964}.Release|x86.Build.0 = Release|Any CPU
		{E57BA333-E247-4203-8AC6-F76A2C619C32}.Debug|Any CPU.ActiveCfg = Debug|Any CPU
		{E57BA333-E247-4203-8AC6-F76A2C619C32}.Debug|Any CPU.Build.0 = Debug|Any CPU
		{E57BA333-E247-4203-8AC6-F76A2C619C32}.Debug|x64.ActiveCfg = Debug|Any CPU
		{E57BA333-E247-4203-8AC6-F76A2C619C32}.Debug|x64.Build.0 = Debug|Any CPU
		{E57BA333-E247-4203-8AC6-F76A2C619C32}.Debug|x86.ActiveCfg = Debug|Any CPU
		{E57BA333-E247-4203-8AC6-F76A2C619C32}.Debug|x86.Build.0 = Debug|Any CPU
		{E57BA333-E247-4203-8AC6-F76A2C619C32}.Release|Any CPU.ActiveCfg = Release|Any CPU
		{E57BA333-E247-4203-8AC6-F76A2C619C32}.Release|Any CPU.Build.0 = Release|Any CPU
		{E57BA333-E247-4203-8AC6-F76A2C619C32}.Release|x64.ActiveCfg = Release|Any CPU
		{E57BA333-E247-4203-8AC6-F76A2C619C32}.Release|x64.Build.0 = Release|Any CPU
		{E57BA333-E247-4203-8AC6-F76A2C619C32}.Release|x86.ActiveCfg = Release|Any CPU
		{E57BA333-E247-4203-8AC6-F76A2C619C32}.Release|x86.Build.0 = Release|Any CPU
		{AAA7E3BA-2DEA-4D79-8809-E5C811A40AD5}.Debug|Any CPU.ActiveCfg = Debug|Any CPU
		{AAA7E3BA-2DEA-4D79-8809-E5C811A40AD5}.Debug|Any CPU.Build.0 = Debug|Any CPU
		{AAA7E3BA-2DEA-4D79-8809-E5C811A40AD5}.Debug|x64.ActiveCfg = Debug|Any CPU
		{AAA7E3BA-2DEA-4D79-8809-E5C811A40AD5}.Debug|x64.Build.0 = Debug|Any CPU
		{AAA7E3BA-2DEA-4D79-8809-E5C811A40AD5}.Debug|x86.ActiveCfg = Debug|Any CPU
		{AAA7E3BA-2DEA-4D79-8809-E5C811A40AD5}.Debug|x86.Build.0 = Debug|Any CPU
		{AAA7E3BA-2DEA-4D79-8809-E5C811A40AD5}.Release|Any CPU.ActiveCfg = Release|Any CPU
		{AAA7E3BA-2DEA-4D79-8809-E5C811A40AD5}.Release|Any CPU.Build.0 = Release|Any CPU
		{AAA7E3BA-2DEA-4D79-8809-E5C811A40AD5}.Release|x64.ActiveCfg = Release|Any CPU
		{AAA7E3BA-2DEA-4D79-8809-E5C811A40AD5}.Release|x64.Build.0 = Release|Any CPU
		{AAA7E3BA-2DEA-4D79-8809-E5C811A40AD5}.Release|x86.ActiveCfg = Release|Any CPU
		{AAA7E3BA-2DEA-4D79-8809-E5C811A40AD5}.Release|x86.Build.0 = Release|Any CPU
		{6535456C-4DA5-4724-BF64-935598C18EC1}.Debug|Any CPU.ActiveCfg = Debug|Any CPU
		{6535456C-4DA5-4724-BF64-935598C18EC1}.Debug|Any CPU.Build.0 = Debug|Any CPU
		{6535456C-4DA5-4724-BF64-935598C18EC1}.Debug|x64.ActiveCfg = Debug|Any CPU
		{6535456C-4DA5-4724-BF64-935598C18EC1}.Debug|x64.Build.0 = Debug|Any CPU
		{6535456C-4DA5-4724-BF64-935598C18EC1}.Debug|x86.ActiveCfg = Debug|Any CPU
		{6535456C-4DA5-4724-BF64-935598C18EC1}.Debug|x86.Build.0 = Debug|Any CPU
		{6535456C-4DA5-4724-BF64-935598C18EC1}.Release|Any CPU.ActiveCfg = Release|Any CPU
		{6535456C-4DA5-4724-BF64-935598C18EC1}.Release|Any CPU.Build.0 = Release|Any CPU
		{6535456C-4DA5-4724-BF64-935598C18EC1}.Release|x64.ActiveCfg = Release|Any CPU
		{6535456C-4DA5-4724-BF64-935598C18EC1}.Release|x64.Build.0 = Release|Any CPU
		{6535456C-4DA5-4724-BF64-935598C18EC1}.Release|x86.ActiveCfg = Release|Any CPU
		{6535456C-4DA5-4724-BF64-935598C18EC1}.Release|x86.Build.0 = Release|Any CPU
		{927C447D-1431-424A-B7C6-DAD2A5F5ECF7}.Debug|Any CPU.ActiveCfg = Debug|Any CPU
		{927C447D-1431-424A-B7C6-DAD2A5F5ECF7}.Debug|Any CPU.Build.0 = Debug|Any CPU
		{927C447D-1431-424A-B7C6-DAD2A5F5ECF7}.Debug|x64.ActiveCfg = Debug|Any CPU
		{927C447D-1431-424A-B7C6-DAD2A5F5ECF7}.Debug|x64.Build.0 = Debug|Any CPU
		{927C447D-1431-424A-B7C6-DAD2A5F5ECF7}.Debug|x86.ActiveCfg = Debug|Any CPU
		{927C447D-1431-424A-B7C6-DAD2A5F5ECF7}.Debug|x86.Build.0 = Debug|Any CPU
		{927C447D-1431-424A-B7C6-DAD2A5F5ECF7}.Release|Any CPU.ActiveCfg = Release|Any CPU
		{927C447D-1431-424A-B7C6-DAD2A5F5ECF7}.Release|Any CPU.Build.0 = Release|Any CPU
		{927C447D-1431-424A-B7C6-DAD2A5F5ECF7}.Release|x64.ActiveCfg = Release|Any CPU
		{927C447D-1431-424A-B7C6-DAD2A5F5ECF7}.Release|x64.Build.0 = Release|Any CPU
		{927C447D-1431-424A-B7C6-DAD2A5F5ECF7}.Release|x86.ActiveCfg = Release|Any CPU
		{927C447D-1431-424A-B7C6-DAD2A5F5ECF7}.Release|x86.Build.0 = Release|Any CPU
	EndGlobalSection
	GlobalSection(NestedProjects) = preSolution
		{CBD25F67-6202-426D-9C2A-40BBF69F4D0B} = {1CAE0334-A17F-4F2F-9086-8C702273AB6A}
		{DB0E9F9A-22B6-49C7-B9A0-1CC3010060C5} = {1CAE0334-A17F-4F2F-9086-8C702273AB6A}
		{DAEFFBCA-FAE3-4B26-89E4-81109BFB5964} = {1CAE0334-A17F-4F2F-9086-8C702273AB6A}
		{E57BA333-E247-4203-8AC6-F76A2C619C32} = {CCB0EB15-845B-4A64-8F6A-4001F09EDCD5}
		{AAA7E3BA-2DEA-4D79-8809-E5C811A40AD5} = {1CAE0334-A17F-4F2F-9086-8C702273AB6A}
		{6535456C-4DA5-4724-BF64-935598C18EC1} = {CCB0EB15-845B-4A64-8F6A-4001F09EDCD5}
		{927C447D-1431-424A-B7C6-DAD2A5F5ECF7} = {CCB0EB15-845B-4A64-8F6A-4001F09EDCD5}
		{37D5900E-247E-4665-A18F-5CA6676C4712} = {261B3D8C-C64A-4FE4-A183-BD5BAA50B98F}
	EndGlobalSection
EndGlobal
